
Microsoft Visual Studio Solution File, Format Version 12.00
# Visual Studio 15
Project("{FAE04EC0-301F-11D3-BF4B-00C04F79EFBC}") = "Assembly-CSharp", "Assembly-CSharp.csproj", "{823D151C-E088-ED1C-7C48-FF113D07DB3D}"
EndProject
Global
	GlobalSection(SolutionConfigurationPlatforms) = preSolution
		Debug|Any CPU = Debug|Any CPU
		Release|Any CPU = Release|Any CPU
	EndGlobalSection
	GlobalSection(ProjectConfigurationPlatforms) = postSolution
		{823D151C-E088-ED1C-7C48-FF113D07DB3D}.Debug|Any CPU.ActiveCfg = Debug|Any CPU
		{823D151C-E088-ED1C-7C48-FF113D07DB3D}.Debug|Any CPU.Build.0 = Debug|Any CPU
		{823D151C-E088-ED1C-7C48-FF113D07DB3D}.Release|Any CPU.ActiveCfg = Release|Any CPU
		{823D151C-E088-ED1C-7C48-FF113D07DB3D}.Release|Any CPU.Build.0 = Release|Any CPU
	EndGlobalSection
	GlobalSection(SolutionProperties) = preSolution
		HideSolutionNode = FALSE
	EndGlobalSection
EndGlobal
